{
  "name": "NextPhase-PM",
  "lockfileVersion": 2,
  "requires": true,
  "packages": {
    "": {
      "dependencies": {
        "text-security": "^3.2.1"
      }
    },
    "node_modules/text-security": {
      "version": "3.2.1",
      "resolved": "https://registry.npmjs.org/text-security/-/text-security-3.2.1.tgz",
      "integrity": "sha512-MjDQ3lyLeLqcGqZfQCZ6kvjQiuNfJaicdgIczPJDtD4tj0vIPT8WwIOKTi8wgXCVS/F1WJmapO3SppXemrwbIA=="
    }
  },
  "dependencies": {
    "text-security": {
      "version": "3.2.1",
      "resolved": "https://registry.npmjs.org/text-security/-/text-security-3.2.1.tgz",
      "integrity": "sha512-MjDQ3lyLeLqcGqZfQCZ6kvjQiuNfJaicdgIczPJDtD4tj0vIPT8WwIOKTi8wgXCVS/F1WJmapO3SppXemrwbIA=="
    }
  }
}
